schema: '2.0'
stages:
  data_ingestion:
    cmd: python src/data_ingestion.py
    deps:
    - path: src/data_ingestion.py
      hash: md5
      md5: 3a43024425bd4d2bed50475cf62fcc91
      size: 3019
    params:
      params.yaml:
        data_ingestion.test_size: 0.15
    outs:
    - path: data/raw
      hash: md5
      md5: e0ca0360b13b8deedbf58bd1670a9a90.dir
      size: 484846
      nfiles: 2
  data_preprocessing:
    cmd: python src/data_preprocessing.py
    deps:
    - path: data/raw
      hash: md5
      md5: e0ca0360b13b8deedbf58bd1670a9a90.dir
      size: 484846
      nfiles: 2
    - path: src/data_preprocessing.py
      hash: md5
      md5: cccf9acd8a29ab6005d34716e2a6588b
      size: 2931
    outs:
    - path: data/processed_data
      hash: md5
      md5: a8d1ea456abc3ba53fdad19a1dd96da6.dir
      size: 260945
      nfiles: 2
  feature_engineering:
    cmd: python src/feature_engineering.py
    deps:
    - path: data/processed_data
      hash: md5
      md5: a8d1ea456abc3ba53fdad19a1dd96da6.dir
      size: 260945
      nfiles: 2
    - path: src/feature_engineering.py
      hash: md5
      md5: 15fd43b69a8980b77bd1c9f659c0f051
      size: 3390
    params:
      params.yaml:
        feature_engineering.max_features: 65
    outs:
    - path: data/tfidf_processed
      hash: md5
      md5: a4ad572d1e6678f242978728855c2a21.dir
      size: 1522314
      nfiles: 2
  model_training:
    cmd: python src/model_training.py
    deps:
    - path: data/tfidf_processed
      hash: md5
      md5: a4ad572d1e6678f242978728855c2a21.dir
      size: 1522314
      nfiles: 2
    - path: src/model_training.py
      hash: md5
      md5: 9c381349d3a38bce9da320e8f54ea9ed
      size: 2941
    params:
      params.yaml:
        model_training.n_estimators: 30
        model_training.random_state: 2
    outs:
    - path: models/Random_Forest_Classifier.pkl
      hash: md5
      md5: 0715ea6bffdd943ce084f5b91b902238
      size: 1426097
  model_evaluation:
    cmd: python src/model_evaluate.py
    deps:
    - path: models/Random_Forest_Classifier.pkl
      hash: md5
      md5: 0715ea6bffdd943ce084f5b91b902238
      size: 1426097
    - path: src/model_evaluate.py
      hash: md5
      md5: ecca6721e72e9f4f7b755e6aed5f278d
      size: 3706
    outs:
    - path: reports/Random_Forest1.json
      hash: md5
      md5: 37a6259cc0c1dae299a7866489dff0bd
      size: 4
